
Microsoft Visual Studio Solution File, Format Version 12.00
# Visual Studio Version 17
VisualStudioVersion = 17.1.32210.238
MinimumVisualStudioVersion = 10.0.40219.1
Project("{9A19103F-16F7-4668-BE54-9A1E7A4F7556}") = "UserLogin", "UserLogin\UserLogin.csproj", "{4F435AAE-A9C8-4BBF-A6CE-EA2D7B0FE715}"
EndProject
Project("{9A19103F-16F7-4668-BE54-9A1E7A4F7556}") = "StudentInfoSystem", "StudentInfoSystem\StudentInfoSystem.csproj", "{C48A7834-D61F-4C31-ABAC-1FFB05B54F43}"
EndProject
Project("{9A19103F-16F7-4668-BE54-9A1E7A4F7556}") = "WPFhello", "WPFhello\WPFhello.csproj", "{A5B1397A-24EA-4D37-89D2-C8D4BDAEC97D}"
EndProject
Project("{FAE04EC0-301F-11D3-BF4B-00C04F79EFBC}") = "MinimalMVVM", "MinimalMVVM\MinimalMVVM.csproj", "{6B6DE12A-5AA8-4056-B8B0-C43E0A61C37B}"
EndProject
Global
	GlobalSection(SolutionConfigurationPlatforms) = preSolution
		Debug|Any CPU = Debug|Any CPU
		Release|Any CPU = Release|Any CPU
	EndGlobalSection
	GlobalSection(ProjectConfigurationPlatforms) = postSolution
		{4F435AAE-A9C8-4BBF-A6CE-EA2D7B0FE715}.Debug|Any CPU.ActiveCfg = Debug|Any CPU
		{4F435AAE-A9C8-4BBF-A6CE-EA2D7B0FE715}.Debug|Any CPU.Build.0 = Debug|Any CPU
		{4F435AAE-A9C8-4BBF-A6CE-EA2D7B0FE715}.Release|Any CPU.ActiveCfg = Release|Any CPU
		{4F435AAE-A9C8-4BBF-A6CE-EA2D7B0FE715}.Release|Any CPU.Build.0 = Release|Any CPU
		{C48A7834-D61F-4C31-ABAC-1FFB05B54F43}.Debug|Any CPU.ActiveCfg = Debug|Any CPU
		{C48A7834-D61F-4C31-ABAC-1FFB05B54F43}.Debug|Any CPU.Build.0 = Debug|Any CPU
		{C48A7834-D61F-4C31-ABAC-1FFB05B54F43}.Release|Any CPU.ActiveCfg = Release|Any CPU
		{C48A7834-D61F-4C31-ABAC-1FFB05B54F43}.Release|Any CPU.Build.0 = Release|Any CPU
		{A5B1397A-24EA-4D37-89D2-C8D4BDAEC97D}.Debug|Any CPU.ActiveCfg = Debug|Any CPU
		{A5B1397A-24EA-4D37-89D2-C8D4BDAEC97D}.Debug|Any CPU.Build.0 = Debug|Any CPU
		{A5B1397A-24EA-4D37-89D2-C8D4BDAEC97D}.Release|Any CPU.ActiveCfg = Release|Any CPU
		{A5B1397A-24EA-4D37-89D2-C8D4BDAEC97D}.Release|Any CPU.Build.0 = Release|Any CPU
		{6B6DE12A-5AA8-4056-B8B0-C43E0A61C37B}.Debug|Any CPU.ActiveCfg = Debug|Any CPU
		{6B6DE12A-5AA8-4056-B8B0-C43E0A61C37B}.Debug|Any CPU.Build.0 = Debug|Any CPU
		{6B6DE12A-5AA8-4056-B8B0-C43E0A61C37B}.Release|Any CPU.ActiveCfg = Release|Any CPU
		{6B6DE12A-5AA8-4056-B8B0-C43E0A61C37B}.Release|Any CPU.Build.0 = Release|Any CPU
	EndGlobalSection
	GlobalSection(SolutionProperties) = preSolution
		HideSolutionNode = FALSE
	EndGlobalSection
	GlobalSection(ExtensibilityGlobals) = postSolution
		SolutionGuid = {AC2CC13E-3CB2-475D-8583-25173AE1EC0E}
	EndGlobalSection
EndGlobal
